
Microsoft Visual Studio Solution File, Format Version 12.00
# Visual Studio Version 17
VisualStudioVersion = 17.14.36603.0 d17.14
MinimumVisualStudioVersion = 10.0.40219.1
Project("{2150E333-8FDC-42A3-9474-1A3956D46DE8}") = "Task0", "Task0", "{02EA681E-C7D8-13C7-8484-4AC65E1B71E8}"
EndProject
Project("{FAE04EC0-301F-11D3-BF4B-00C04F79EFBC}") = "Tyuiu.KhanikyanDK.Sprint5.Task0.V17.Test", "Tyuiu.KhanikyanDK.Sprint5.Task0.V17.Test\Tyuiu.KhanikyanDK.Sprint5.Task0.V17.Test.csproj", "{66FFEA97-AE2C-480A-9054-8A086A32CCDC}"
EndProject
Project("{FAE04EC0-301F-11D3-BF4B-00C04F79EFBC}") = "Tyuiu.KhanikyanDK.Sprint5.Task0.V17", "Tyuiu.KhanikyanDK.Sprint5.Task0.V17\Tyuiu.KhanikyanDK.Sprint5.Task0.V17.csproj", "{1447A357-0681-49AA-8F02-DC359564CE8C}"
EndProject
Project("{FAE04EC0-301F-11D3-BF4B-00C04F79EFBC}") = "Tyuiu.KhanikyanDK.Sprint5.Task0.V17.Lib", "Tyuiu.KhanikyanDK.Sprint5.Task0.V17.Lib\Tyuiu.KhanikyanDK.Sprint5.Task0.V17.Lib.csproj", "{9079D470-2B3D-445D-BD19-8914A036A06D}"
EndProject
Global
	GlobalSection(SolutionConfigurationPlatforms) = preSolution
		Debug|Any CPU = Debug|Any CPU
		Release|Any CPU = Release|Any CPU
	EndGlobalSection
	GlobalSection(ProjectConfigurationPlatforms) = postSolution
		{66FFEA97-AE2C-480A-9054-8A086A32CCDC}.Debug|Any CPU.ActiveCfg = Debug|Any CPU
		{66FFEA97-AE2C-480A-9054-8A086A32CCDC}.Debug|Any CPU.Build.0 = Debug|Any CPU
		{66FFEA97-AE2C-480A-9054-8A086A32CCDC}.Release|Any CPU.ActiveCfg = Release|Any CPU
		{66FFEA97-AE2C-480A-9054-8A086A32CCDC}.Release|Any CPU.Build.0 = Release|Any CPU
		{1447A357-0681-49AA-8F02-DC359564CE8C}.Debug|Any CPU.ActiveCfg = Debug|Any CPU
		{1447A357-0681-49AA-8F02-DC359564CE8C}.Debug|Any CPU.Build.0 = Debug|Any CPU
		{1447A357-0681-49AA-8F02-DC359564CE8C}.Release|Any CPU.ActiveCfg = Release|Any CPU
		{1447A357-0681-49AA-8F02-DC359564CE8C}.Release|Any CPU.Build.0 = Release|Any CPU
		{9079D470-2B3D-445D-BD19-8914A036A06D}.Debug|Any CPU.ActiveCfg = Debug|Any CPU
		{9079D470-2B3D-445D-BD19-8914A036A06D}.Debug|Any CPU.Build.0 = Debug|Any CPU
		{9079D470-2B3D-445D-BD19-8914A036A06D}.Release|Any CPU.ActiveCfg = Release|Any CPU
		{9079D470-2B3D-445D-BD19-8914A036A06D}.Release|Any CPU.Build.0 = Release|Any CPU
	EndGlobalSection
	GlobalSection(SolutionProperties) = preSolution
		HideSolutionNode = FALSE
	EndGlobalSection
	GlobalSection(NestedProjects) = preSolution
		{66FFEA97-AE2C-480A-9054-8A086A32CCDC} = {02EA681E-C7D8-13C7-8484-4AC65E1B71E8}
		{1447A357-0681-49AA-8F02-DC359564CE8C} = {02EA681E-C7D8-13C7-8484-4AC65E1B71E8}
		{9079D470-2B3D-445D-BD19-8914A036A06D} = {02EA681E-C7D8-13C7-8484-4AC65E1B71E8}
	EndGlobalSection
	GlobalSection(ExtensibilityGlobals) = postSolution
		SolutionGuid = {C585C419-D06B-4779-9B27-D3365AAD4ECE}
	EndGlobalSection
EndGlobal
