
Microsoft Visual Studio Solution File, Format Version 12.00
# Visual Studio Version 17
VisualStudioVersion = 17.14.36603.0
MinimumVisualStudioVersion = 10.0.40219.1
Project("{2150E333-8FDC-42A3-9474-1A3956D46DE8}") = "Task0", "Task0", "{02EA681E-C7D8-13C7-8484-4AC65E1B71E8}"
EndProject
Project("{FAE04EC0-301F-11D3-BF4B-00C04F79EFBC}") = "Tyuiu.KhanikyanDK.Sprint5.Task0.V17.Test", "Tyuiu.KhanikyanDK.Sprint5.Task0.V17.Test\Tyuiu.KhanikyanDK.Sprint5.Task0.V17.Test.csproj", "{66FFEA97-AE2C-480A-9054-8A086A32CCDC}"
EndProject
Project("{FAE04EC0-301F-11D3-BF4B-00C04F79EFBC}") = "Tyuiu.KhanikyanDK.Sprint5.Task0.V17", "Tyuiu.KhanikyanDK.Sprint5.Task0.V17\Tyuiu.KhanikyanDK.Sprint5.Task0.V17.csproj", "{1447A357-0681-49AA-8F02-DC359564CE8C}"
EndProject
Project("{FAE04EC0-301F-11D3-BF4B-00C04F79EFBC}") = "Tyuiu.KhanikyanDK.Sprint5.Task0.V17.Lib", "Tyuiu.KhanikyanDK.Sprint5.Task0.V17.Lib\Tyuiu.KhanikyanDK.Sprint5.Task0.V17.Lib.csproj", "{9079D470-2B3D-445D-BD19-8914A036A06D}"
EndProject
Project("{2150E333-8FDC-42A3-9474-1A3956D46DE8}") = "Task1", "Task1", "{1B7E1B89-1420-46A0-997B-1A21012ACA53}"
EndProject
Project("{FAE04EC0-301F-11D3-BF4B-00C04F79EFBC}") = "Tyuiu.KhanikyanDK.Sprint5.Task1.V21", "Tyuiu.KhanikyanDK.Sprint5.Task1.V21\Tyuiu.KhanikyanDK.Sprint5.Task1.V21.csproj", "{06D58BEF-6A5C-46CD-9ECB-436FBA4A6917}"
EndProject
Project("{FAE04EC0-301F-11D3-BF4B-00C04F79EFBC}") = "Tyuiu.KhanikyanDK.Sprint5.Task1.V21.Lib", "Tyuiu.KhanikyanDK.Sprint5.Task1.V21.Lib\Tyuiu.KhanikyanDK.Sprint5.Task1.V21.Lib.csproj", "{F19E4AF2-1D1C-4627-AD83-289E70F2AB0E}"
EndProject
Project("{FAE04EC0-301F-11D3-BF4B-00C04F79EFBC}") = "Tyuiu.KhanikyanDK.Sprint5.Task1.V21.Test", "Tyuiu.KhanikyanDK.Sprint5.Task1.V21.Test\Tyuiu.KhanikyanDK.Sprint5.Task1.V21.Test.csproj", "{CFFABE84-0D39-4B00-8CE4-1B15F9423E46}"
EndProject
Project("{2150E333-8FDC-42A3-9474-1A3956D46DE8}") = "Task2", "Task2", "{8EF13E02-99C6-4DF1-8573-353A31BDA6FC}"
EndProject
Project("{FAE04EC0-301F-11D3-BF4B-00C04F79EFBC}") = "Tyuiu.KhanikyanDK.Sprint5.Task2.V9", "Tyuiu.KhanikyanDK.Sprint5.Task2.V9\Tyuiu.KhanikyanDK.Sprint5.Task2.V9.csproj", "{9CC07A75-DE0D-4A92-A64D-87A99ECAA158}"
EndProject
Project("{FAE04EC0-301F-11D3-BF4B-00C04F79EFBC}") = "Tyuiu.KhanikyanDK.Sprint5.Task2.V9.Lib", "Tyuiu.KhanikyanDK.Sprint5.Task2.V9.Lib\Tyuiu.KhanikyanDK.Sprint5.Task2.V9.Lib.csproj", "{EC47958C-68B5-4D0D-803F-D21F7ADCB0B4}"
EndProject
Project("{FAE04EC0-301F-11D3-BF4B-00C04F79EFBC}") = "Tyuiu.KhanikyanDK.Sprint5.Task2.V9.Test", "Tyuiu.KhanikyanDK.Sprint5.Task2.V9.Test\Tyuiu.KhanikyanDK.Sprint5.Task2.V9.Test.csproj", "{EAD13FD4-0A82-415E-B762-03BF6319B21D}"
EndProject
Project("{2150E333-8FDC-42A3-9474-1A3956D46DE8}") = "Task3", "Task3", "{6710C40A-91F0-4719-B898-07442C8DC6FD}"
EndProject
Project("{FAE04EC0-301F-11D3-BF4B-00C04F79EFBC}") = "Tyuiu.KhanikyanDK.Sprint5.Task3.V30", "Tyuiu.KhanikyanDK.Sprint5.Task3.V30\Tyuiu.KhanikyanDK.Sprint5.Task3.V30.csproj", "{28DFDC33-95F2-4075-BD6B-74C1A34E3A3D}"
EndProject
Project("{FAE04EC0-301F-11D3-BF4B-00C04F79EFBC}") = "Tyuiu.KhanikyanDK.Sprint5.Task3.V30.Lib", "Tyuiu.KhanikyanDK.Sprint5.Task3.V30.Lib\Tyuiu.KhanikyanDK.Sprint5.Task3.V30.Lib.csproj", "{0A5B0CEF-9BFF-4C30-A004-091B1DB67072}"
EndProject
Project("{FAE04EC0-301F-11D3-BF4B-00C04F79EFBC}") = "Tyuiu.KhanikyanDK.Sprint5.Task3.V30.Test", "Tyuiu.KhanikyanDK.Sprint5.Task3.V30.Test\Tyuiu.KhanikyanDK.Sprint5.Task3.V30.Test.csproj", "{F5EF237B-A7B7-4570-875C-591B40961FFA}"
EndProject
Project("{2150E333-8FDC-42A3-9474-1A3956D46DE8}") = "Task4", "Task4", "{3DA9D648-AB02-4910-A932-5F6B40E5993D}"
EndProject
Project("{FAE04EC0-301F-11D3-BF4B-00C04F79EFBC}") = "Tyuiu.KhanikyanDK.Sprint5.Task4.V12", "Tyuiu.KhanikyanDK.Sprint5.Task4.V12\Tyuiu.KhanikyanDK.Sprint5.Task4.V12.csproj", "{D1189D04-5F3D-4567-8E94-F79C5D88CFB1}"
EndProject
Project("{FAE04EC0-301F-11D3-BF4B-00C04F79EFBC}") = "Tyuiu.KhanikyanDK.Sprint5.Task4.V12.Lib", "Tyuiu.KhanikyanDK.Sprint5.Task4.V12.Lib\Tyuiu.KhanikyanDK.Sprint5.Task4.V12.Lib.csproj", "{ABF75A1D-C827-4B80-8467-0C49422D9FFE}"
EndProject
Project("{FAE04EC0-301F-11D3-BF4B-00C04F79EFBC}") = "Tyuiu.KhanikyanDK.Sprint5.Task4.V12.Test", "Tyuiu.KhanikyanDK.Sprint5.Task4.V12.Test\Tyuiu.KhanikyanDK.Sprint5.Task4.V12.Test.csproj", "{23702C5A-135A-4850-91E0-C37B31C282BE}"
EndProject
Global
	GlobalSection(SolutionConfigurationPlatforms) = preSolution
		Debug|Any CPU = Debug|Any CPU
		Release|Any CPU = Release|Any CPU
	EndGlobalSection
	GlobalSection(ProjectConfigurationPlatforms) = postSolution
		{66FFEA97-AE2C-480A-9054-8A086A32CCDC}.Debug|Any CPU.ActiveCfg = Debug|Any CPU
		{66FFEA97-AE2C-480A-9054-8A086A32CCDC}.Debug|Any CPU.Build.0 = Debug|Any CPU
		{66FFEA97-AE2C-480A-9054-8A086A32CCDC}.Release|Any CPU.ActiveCfg = Release|Any CPU
		{66FFEA97-AE2C-480A-9054-8A086A32CCDC}.Release|Any CPU.Build.0 = Release|Any CPU
		{1447A357-0681-49AA-8F02-DC359564CE8C}.Debug|Any CPU.ActiveCfg = Debug|Any CPU
		{1447A357-0681-49AA-8F02-DC359564CE8C}.Debug|Any CPU.Build.0 = Debug|Any CPU
		{1447A357-0681-49AA-8F02-DC359564CE8C}.Release|Any CPU.ActiveCfg = Release|Any CPU
		{1447A357-0681-49AA-8F02-DC359564CE8C}.Release|Any CPU.Build.0 = Release|Any CPU
		{9079D470-2B3D-445D-BD19-8914A036A06D}.Debug|Any CPU.ActiveCfg = Debug|Any CPU
		{9079D470-2B3D-445D-BD19-8914A036A06D}.Debug|Any CPU.Build.0 = Debug|Any CPU
		{9079D470-2B3D-445D-BD19-8914A036A06D}.Release|Any CPU.ActiveCfg = Release|Any CPU
		{9079D470-2B3D-445D-BD19-8914A036A06D}.Release|Any CPU.Build.0 = Release|Any CPU
		{06D58BEF-6A5C-46CD-9ECB-436FBA4A6917}.Debug|Any CPU.ActiveCfg = Debug|Any CPU
		{06D58BEF-6A5C-46CD-9ECB-436FBA4A6917}.Debug|Any CPU.Build.0 = Debug|Any CPU
		{06D58BEF-6A5C-46CD-9ECB-436FBA4A6917}.Release|Any CPU.ActiveCfg = Release|Any CPU
		{06D58BEF-6A5C-46CD-9ECB-436FBA4A6917}.Release|Any CPU.Build.0 = Release|Any CPU
		{F19E4AF2-1D1C-4627-AD83-289E70F2AB0E}.Debug|Any CPU.ActiveCfg = Debug|Any CPU
		{F19E4AF2-1D1C-4627-AD83-289E70F2AB0E}.Debug|Any CPU.Build.0 = Debug|Any CPU
		{F19E4AF2-1D1C-4627-AD83-289E70F2AB0E}.Release|Any CPU.ActiveCfg = Release|Any CPU
		{F19E4AF2-1D1C-4627-AD83-289E70F2AB0E}.Release|Any CPU.Build.0 = Release|Any CPU
		{CFFABE84-0D39-4B00-8CE4-1B15F9423E46}.Debug|Any CPU.ActiveCfg = Debug|Any CPU
		{CFFABE84-0D39-4B00-8CE4-1B15F9423E46}.Debug|Any CPU.Build.0 = Debug|Any CPU
		{CFFABE84-0D39-4B00-8CE4-1B15F9423E46}.Release|Any CPU.ActiveCfg = Release|Any CPU
		{CFFABE84-0D39-4B00-8CE4-1B15F9423E46}.Release|Any CPU.Build.0 = Release|Any CPU
		{9CC07A75-DE0D-4A92-A64D-87A99ECAA158}.Debug|Any CPU.ActiveCfg = Debug|Any CPU
		{9CC07A75-DE0D-4A92-A64D-87A99ECAA158}.Debug|Any CPU.Build.0 = Debug|Any CPU
		{9CC07A75-DE0D-4A92-A64D-87A99ECAA158}.Release|Any CPU.ActiveCfg = Release|Any CPU
		{9CC07A75-DE0D-4A92-A64D-87A99ECAA158}.Release|Any CPU.Build.0 = Release|Any CPU
		{EC47958C-68B5-4D0D-803F-D21F7ADCB0B4}.Debug|Any CPU.ActiveCfg = Debug|Any CPU
		{EC47958C-68B5-4D0D-803F-D21F7ADCB0B4}.Debug|Any CPU.Build.0 = Debug|Any CPU
		{EC47958C-68B5-4D0D-803F-D21F7ADCB0B4}.Release|Any CPU.ActiveCfg = Release|Any CPU
		{EC47958C-68B5-4D0D-803F-D21F7ADCB0B4}.Release|Any CPU.Build.0 = Release|Any CPU
		{EAD13FD4-0A82-415E-B762-03BF6319B21D}.Debug|Any CPU.ActiveCfg = Debug|Any CPU
		{EAD13FD4-0A82-415E-B762-03BF6319B21D}.Debug|Any CPU.Build.0 = Debug|Any CPU
		{EAD13FD4-0A82-415E-B762-03BF6319B21D}.Release|Any CPU.ActiveCfg = Release|Any CPU
		{EAD13FD4-0A82-415E-B762-03BF6319B21D}.Release|Any CPU.Build.0 = Release|Any CPU
		{28DFDC33-95F2-4075-BD6B-74C1A34E3A3D}.Debug|Any CPU.ActiveCfg = Debug|Any CPU
		{28DFDC33-95F2-4075-BD6B-74C1A34E3A3D}.Debug|Any CPU.Build.0 = Debug|Any CPU
		{28DFDC33-95F2-4075-BD6B-74C1A34E3A3D}.Release|Any CPU.ActiveCfg = Release|Any CPU
		{28DFDC33-95F2-4075-BD6B-74C1A34E3A3D}.Release|Any CPU.Build.0 = Release|Any CPU
		{0A5B0CEF-9BFF-4C30-A004-091B1DB67072}.Debug|Any CPU.ActiveCfg = Debug|Any CPU
		{0A5B0CEF-9BFF-4C30-A004-091B1DB67072}.Debug|Any CPU.Build.0 = Debug|Any CPU
		{0A5B0CEF-9BFF-4C30-A004-091B1DB67072}.Release|Any CPU.ActiveCfg = Release|Any CPU
		{0A5B0CEF-9BFF-4C30-A004-091B1DB67072}.Release|Any CPU.Build.0 = Release|Any CPU
		{F5EF237B-A7B7-4570-875C-591B40961FFA}.Debug|Any CPU.ActiveCfg = Debug|Any CPU
		{F5EF237B-A7B7-4570-875C-591B40961FFA}.Debug|Any CPU.Build.0 = Debug|Any CPU
		{F5EF237B-A7B7-4570-875C-591B40961FFA}.Release|Any CPU.ActiveCfg = Release|Any CPU
		{F5EF237B-A7B7-4570-875C-591B40961FFA}.Release|Any CPU.Build.0 = Release|Any CPU
		{D1189D04-5F3D-4567-8E94-F79C5D88CFB1}.Debug|Any CPU.ActiveCfg = Debug|Any CPU
		{D1189D04-5F3D-4567-8E94-F79C5D88CFB1}.Debug|Any CPU.Build.0 = Debug|Any CPU
		{D1189D04-5F3D-4567-8E94-F79C5D88CFB1}.Release|Any CPU.ActiveCfg = Release|Any CPU
		{D1189D04-5F3D-4567-8E94-F79C5D88CFB1}.Release|Any CPU.Build.0 = Release|Any CPU
		{ABF75A1D-C827-4B80-8467-0C49422D9FFE}.Debug|Any CPU.ActiveCfg = Debug|Any CPU
		{ABF75A1D-C827-4B80-8467-0C49422D9FFE}.Debug|Any CPU.Build.0 = Debug|Any CPU
		{ABF75A1D-C827-4B80-8467-0C49422D9FFE}.Release|Any CPU.ActiveCfg = Release|Any CPU
		{ABF75A1D-C827-4B80-8467-0C49422D9FFE}.Release|Any CPU.Build.0 = Release|Any CPU
		{23702C5A-135A-4850-91E0-C37B31C282BE}.Debug|Any CPU.ActiveCfg = Debug|Any CPU
		{23702C5A-135A-4850-91E0-C37B31C282BE}.Debug|Any CPU.Build.0 = Debug|Any CPU
		{23702C5A-135A-4850-91E0-C37B31C282BE}.Release|Any CPU.ActiveCfg = Release|Any CPU
		{23702C5A-135A-4850-91E0-C37B31C282BE}.Release|Any CPU.Build.0 = Release|Any CPU
	EndGlobalSection
	GlobalSection(SolutionProperties) = preSolution
		HideSolutionNode = FALSE
	EndGlobalSection
	GlobalSection(NestedProjects) = preSolution
		{66FFEA97-AE2C-480A-9054-8A086A32CCDC} = {02EA681E-C7D8-13C7-8484-4AC65E1B71E8}
		{1447A357-0681-49AA-8F02-DC359564CE8C} = {02EA681E-C7D8-13C7-8484-4AC65E1B71E8}
		{9079D470-2B3D-445D-BD19-8914A036A06D} = {02EA681E-C7D8-13C7-8484-4AC65E1B71E8}
		{06D58BEF-6A5C-46CD-9ECB-436FBA4A6917} = {1B7E1B89-1420-46A0-997B-1A21012ACA53}
		{F19E4AF2-1D1C-4627-AD83-289E70F2AB0E} = {1B7E1B89-1420-46A0-997B-1A21012ACA53}
		{CFFABE84-0D39-4B00-8CE4-1B15F9423E46} = {1B7E1B89-1420-46A0-997B-1A21012ACA53}
		{9CC07A75-DE0D-4A92-A64D-87A99ECAA158} = {8EF13E02-99C6-4DF1-8573-353A31BDA6FC}
		{EC47958C-68B5-4D0D-803F-D21F7ADCB0B4} = {8EF13E02-99C6-4DF1-8573-353A31BDA6FC}
		{EAD13FD4-0A82-415E-B762-03BF6319B21D} = {8EF13E02-99C6-4DF1-8573-353A31BDA6FC}
		{28DFDC33-95F2-4075-BD6B-74C1A34E3A3D} = {6710C40A-91F0-4719-B898-07442C8DC6FD}
		{0A5B0CEF-9BFF-4C30-A004-091B1DB67072} = {6710C40A-91F0-4719-B898-07442C8DC6FD}
		{F5EF237B-A7B7-4570-875C-591B40961FFA} = {6710C40A-91F0-4719-B898-07442C8DC6FD}
		{D1189D04-5F3D-4567-8E94-F79C5D88CFB1} = {3DA9D648-AB02-4910-A932-5F6B40E5993D}
		{ABF75A1D-C827-4B80-8467-0C49422D9FFE} = {3DA9D648-AB02-4910-A932-5F6B40E5993D}
		{23702C5A-135A-4850-91E0-C37B31C282BE} = {3DA9D648-AB02-4910-A932-5F6B40E5993D}
	EndGlobalSection
	GlobalSection(ExtensibilityGlobals) = postSolution
		SolutionGuid = {C585C419-D06B-4779-9B27-D3365AAD4ECE}
	EndGlobalSection
EndGlobal
